
Microsoft Visual Studio Solution File, Format Version 12.00
# Visual Studio Version 17
VisualStudioVersion = 17.9.34622.214
MinimumVisualStudioVersion = 10.0.40219.1
Project("{FAE04EC0-301F-11D3-BF4B-00C04F79EFBC}") = "Listadotareas", "Listadotareas.csproj", "{2E6E47FB-8F0D-49FA-9476-72B5020310CB}"
EndProject
Global
	GlobalSection(SolutionConfigurationPlatforms) = preSolution
		Debug|Any CPU = Debug|Any CPU
		Release|Any CPU = Release|Any CPU
	EndGlobalSection
	GlobalSection(ProjectConfigurationPlatforms) = postSolution
		{2E6E47FB-8F0D-49FA-9476-72B5020310CB}.Debug|Any CPU.ActiveCfg = Debug|Any CPU
		{2E6E47FB-8F0D-49FA-9476-72B5020310CB}.Debug|Any CPU.Build.0 = Debug|Any CPU
		{2E6E47FB-8F0D-49FA-9476-72B5020310CB}.Release|Any CPU.ActiveCfg = Release|Any CPU
		{2E6E47FB-8F0D-49FA-9476-72B5020310CB}.Release|Any CPU.Build.0 = Release|Any CPU
	EndGlobalSection
	GlobalSection(SolutionProperties) = preSolution
		HideSolutionNode = FALSE
	EndGlobalSection
	GlobalSection(ExtensibilityGlobals) = postSolution
		SolutionGuid = {304AC3B5-9A8E-4A69-87EA-9BD749D0BE5A}
	EndGlobalSection
EndGlobal
