
Microsoft Visual Studio Solution File, Format Version 12.00
# Visual Studio Version 17
VisualStudioVersion = 17.9.34622.214
MinimumVisualStudioVersion = 10.0.40219.1
Project("{FAE04EC0-301F-11D3-BF4B-00C04F79EFBC}") = "Ejercicio3", "Ejercicio3.csproj", "{FF3E715C-7D85-472C-BA92-9F9F63FEB81D}"
EndProject
Global
	GlobalSection(SolutionConfigurationPlatforms) = preSolution
		Debug|Any CPU = Debug|Any CPU
		Release|Any CPU = Release|Any CPU
	EndGlobalSection
	GlobalSection(ProjectConfigurationPlatforms) = postSolution
		{FF3E715C-7D85-472C-BA92-9F9F63FEB81D}.Debug|Any CPU.ActiveCfg = Debug|Any CPU
		{FF3E715C-7D85-472C-BA92-9F9F63FEB81D}.Debug|Any CPU.Build.0 = Debug|Any CPU
		{FF3E715C-7D85-472C-BA92-9F9F63FEB81D}.Release|Any CPU.ActiveCfg = Release|Any CPU
		{FF3E715C-7D85-472C-BA92-9F9F63FEB81D}.Release|Any CPU.Build.0 = Release|Any CPU
	EndGlobalSection
	GlobalSection(SolutionProperties) = preSolution
		HideSolutionNode = FALSE
	EndGlobalSection
	GlobalSection(ExtensibilityGlobals) = postSolution
		SolutionGuid = {0BE51F09-12E9-4473-8127-F9FCBF7A0523}
	EndGlobalSection
EndGlobal
